# THIS IS AN AUTOGENERATED FILE. DO NOT EDIT THIS FILE DIRECTLY.
# yarn lockfile v1


node-fetch@^2.1.2:
  version "2.1.2"
  resolved "https://registry.yarnpkg.com/node-fetch/-/node-fetch-2.1.2.tgz#ab884e8e7e57e38a944753cec706f788d1768bb5"

slack@^11.0.0:
  version "11.0.0"
  resolved "https://registry.yarnpkg.com/slack/-/slack-11.0.0.tgz#3fb4c5b826d8d7e98a5d81ac65958b1e3de53f26"
  dependencies:
    tiny-json-http "^7.0.0"

tiny-json-http@^7.0.0:
  version "7.0.0"
  resolved "https://registry.yarnpkg.com/tiny-json-http/-/tiny-json-http-7.0.0.tgz#1b1240efa591cd0faa5845f844694e79563ac2a2"
